
Microsoft Visual Studio Solution File, Format Version 12.00
# Visual Studio Version 16
VisualStudioVersion = 16.0.30204.135
MinimumVisualStudioVersion = 10.0.40219.1
Project("{FAE04EC0-301F-11D3-BF4B-00C04F79EFBC}") = "ColliseumClash", "ArenaFighter\ColliseumClash.csproj", "{F4F0B163-74CF-453C-976F-C47F5638878F}"
EndProject
Global
	GlobalSection(SolutionConfigurationPlatforms) = preSolution
		Debug|Any CPU = Debug|Any CPU
		Release|Any CPU = Release|Any CPU
	EndGlobalSection
	GlobalSection(ProjectConfigurationPlatforms) = postSolution
		{F4F0B163-74CF-453C-976F-C47F5638878F}.Debug|Any CPU.ActiveCfg = Debug|Any CPU
		{F4F0B163-74CF-453C-976F-C47F5638878F}.Debug|Any CPU.Build.0 = Debug|Any CPU
		{F4F0B163-74CF-453C-976F-C47F5638878F}.Release|Any CPU.ActiveCfg = Release|Any CPU
		{F4F0B163-74CF-453C-976F-C47F5638878F}.Release|Any CPU.Build.0 = Release|Any CPU
	EndGlobalSection
	GlobalSection(SolutionProperties) = preSolution
		HideSolutionNode = FALSE
	EndGlobalSection
	GlobalSection(ExtensibilityGlobals) = postSolution
		SolutionGuid = {130116C0-097D-4BDA-9A7D-A54A9058C1D9}
	EndGlobalSection
EndGlobal
